
Microsoft Visual Studio Solution File, Format Version 12.00
# Visual Studio 2013
VisualStudioVersion = 12.0.40629.0
MinimumVisualStudioVersion = 10.0.40219.1
Project("{FAE04EC0-301F-11D3-BF4B-00C04F79EFBC}") = "EventManagement", "EventManagement\EventManagement.csproj", "{8B3C5E55-C8B6-42E9-AE39-A9E53A3E67E5}"
EndProject
Project("{FAE04EC0-301F-11D3-BF4B-00C04F79EFBC}") = "Common", "Common\Common.csproj", "{14CE2C04-7380-4B0C-9E75-7FE0DD8CFA89}"
EndProject
Project("{FAE04EC0-301F-11D3-BF4B-00C04F79EFBC}") = "DALTester", "DALTester\DALTester.csproj", "{C22D062D-BB7F-4C4E-8FE0-97633DB74C04}"
EndProject
Project("{FAE04EC0-301F-11D3-BF4B-00C04F79EFBC}") = "ExpireRegistrationCodes", "ExpireRegistrationCodes\ExpireRegistrationCodes.csproj", "{F2B456A6-287D-40CE-B0D8-BBF510B98089}"
EndProject
Global
	GlobalSection(SolutionConfigurationPlatforms) = preSolution
		Debug|Any CPU = Debug|Any CPU
		Release|Any CPU = Release|Any CPU
	EndGlobalSection
	GlobalSection(ProjectConfigurationPlatforms) = postSolution
		{8B3C5E55-C8B6-42E9-AE39-A9E53A3E67E5}.Debug|Any CPU.ActiveCfg = Debug|Any CPU
		{8B3C5E55-C8B6-42E9-AE39-A9E53A3E67E5}.Debug|Any CPU.Build.0 = Debug|Any CPU
		{8B3C5E55-C8B6-42E9-AE39-A9E53A3E67E5}.Release|Any CPU.ActiveCfg = Release|Any CPU
		{8B3C5E55-C8B6-42E9-AE39-A9E53A3E67E5}.Release|Any CPU.Build.0 = Release|Any CPU
		{14CE2C04-7380-4B0C-9E75-7FE0DD8CFA89}.Debug|Any CPU.ActiveCfg = Debug|Any CPU
		{14CE2C04-7380-4B0C-9E75-7FE0DD8CFA89}.Debug|Any CPU.Build.0 = Debug|Any CPU
		{14CE2C04-7380-4B0C-9E75-7FE0DD8CFA89}.Release|Any CPU.ActiveCfg = Release|Any CPU
		{14CE2C04-7380-4B0C-9E75-7FE0DD8CFA89}.Release|Any CPU.Build.0 = Release|Any CPU
		{C22D062D-BB7F-4C4E-8FE0-97633DB74C04}.Debug|Any CPU.ActiveCfg = Debug|Any CPU
		{C22D062D-BB7F-4C4E-8FE0-97633DB74C04}.Debug|Any CPU.Build.0 = Debug|Any CPU
		{C22D062D-BB7F-4C4E-8FE0-97633DB74C04}.Release|Any CPU.ActiveCfg = Release|Any CPU
		{C22D062D-BB7F-4C4E-8FE0-97633DB74C04}.Release|Any CPU.Build.0 = Release|Any CPU
		{F2B456A6-287D-40CE-B0D8-BBF510B98089}.Debug|Any CPU.ActiveCfg = Debug|Any CPU
		{F2B456A6-287D-40CE-B0D8-BBF510B98089}.Debug|Any CPU.Build.0 = Debug|Any CPU
		{F2B456A6-287D-40CE-B0D8-BBF510B98089}.Release|Any CPU.ActiveCfg = Release|Any CPU
		{F2B456A6-287D-40CE-B0D8-BBF510B98089}.Release|Any CPU.Build.0 = Release|Any CPU
	EndGlobalSection
	GlobalSection(SolutionProperties) = preSolution
		HideSolutionNode = FALSE
	EndGlobalSection
EndGlobal
